// !$*UTF8*$!
{
	archiveVersion = 1;
	classes = {
	};
	objectVersion = 46;
	objects = {

/* Begin PBXBuildFile section */
		432866FA1C228B3000C63688 /* main.c in Sources */ = {isa = PBXBuildFile; fileRef = 432866F91C228B3000C63688 /* main.c */; };
		432867021C228C8900C63688 /* libapue.a in Frameworks */ = {isa = PBXBuildFile; fileRef = 432867011C228C8900C63688 /* libapue.a */; };
/* End PBXBuildFile section */

/* Begin PBXCopyFilesBuildPhase section */
		432866F41C228B3000C63688 /* CopyFiles */ = {
			isa = PBXCopyFilesBuildPhase;
			buildActionMask = 2147483647;
			dstPath = /usr/share/man/man1/;
			dstSubfolderSpec = 0;
			files = (
			);
			runOnlyForDeploymentPostprocessing = 1;
		};
/* End PBXCopyFilesBuildPhase section */

/* Begin PBXFileReference section */
		432866F61C228B3000C63688 /* mycat */ = {isa = PBXFileReference; explicitFileType = "compiled.mach-o.executable"; includeInIndex = 0; path = mycat; sourceTree = BUILT_PRODUCTS_DIR; };
		432866F91C228B3000C63688 /* main.c */ = {isa = PBXFileReference; lastKnownFileType = sourcecode.c.c; path = main.c; sourceTree = "<group>"; };
		432867001C228C8900C63688 /* apue.h */ = {isa = PBXFileReference; fileEncoding = 4; lastKnownFileType = sourcecode.c.h; path = apue.h; sourceTree = "<group>"; };
		432867011C228C8900C63688 /* libapue.a */ = {isa = PBXFileReference; lastKnownFileType = archive.ar; path = libapue.a; sourceTree = "<group>"; };
/* End PBXFileReference section */

/* Begin PBXFrameworksBuildPhase section */
		432866F31C228B3000C63688 /* Frameworks */ = {
			isa = PBXFrameworksBuildPhase;
			buildActionMask = 2147483647;
			files = (
				432867021C228C8900C63688 /* libapue.a in Frameworks */,
			);
			runOnlyForDeploymentPostprocessing = 0;
		};
/* End PBXFrameworksBuildPhase section */

/* Begin PBXGroup section */
		432866ED1C228B3000C63688 = {
			isa = PBXGroup;
			children = (
				432866F81C228B3000C63688 /* mycat */,
				432866F71C228B3000C63688 /* Products */,
			);
			sourceTree = "<group>";
		};
		432866F71C228B3000C63688 /* Products */ = {
			isa = PBXGroup;
			children = (
				432866F61C228B3000C63688 /* mycat */,
			);
			name = Products;
			sourceTree = "<group>";
		};
		432866F81C228B3000C63688 /* mycat */ = {
			isa = PBXGroup;
			children = (
				432867001C228C8900C63688 /* apue.h */,
				432867011C228C8900C63688 /* libapue.a */,
				432866F91C228B3000C63688 /* main.c */,
			);
			path = mycat;
			sourceTree = "<group>";
		};
/* End PBXGroup section */

/* Begin PBXNativeTarget section */
		432866F51C228B3000C63688 /* mycat */ = {
			isa = PBXNativeTarget;
			buildConfigurationList = 432866FD1C228B3000C63688 /* Build configuration list for PBXNativeTarget "mycat" */;
			buildPhases = (
				432866F21C228B3000C63688 /* Sources */,
				432866F31C228B3000C63688 /* Frameworks */,
				432866F41C228B3000C63688 /* CopyFiles */,
			);
			buildRules = (
			);
			dependencies = (
			);
			name = mycat;
			productName = mycat;
			productReference = 432866F61C228B3000C63688 /* mycat */;
			productType = "com.apple.product-type.tool";
		};
/* End PBXNativeTarget section */

/* Begin PBXProject section */
		432866EE1C228B3000C63688 /* Project object */ = {
			isa = PBXProject;
			attributes = {
				LastUpgradeCheck = 0720;
				ORGANIZATIONNAME = nate;
				TargetAttributes = {
					432866F51C228B3000C63688 = {
						CreatedOnToolsVersion = 7.2;
					};
				};
			};
			buildConfigurationList = 432866F11C228B3000C63688 /* Build configuration list for PBXProject "mycat" */;
			compatibilityVersion = "Xcode 3.2";
			developmentRegion = English;
			hasScannedForEncodings = 0;
			knownRegions = (
				en,
			);
			mainGroup = 432866ED1C228B3000C63688;
			productRefGroup = 432866F71C228B3000C63688 /* Products */;
			projectDirPath = "";
			projectRoot = "";
			targets = (
				432866F51C228B3000C63688 /* mycat */,
			);
		};
/* End PBXProject section */

/* Begin PBXSourcesBuildPhase section */
		432866F21C228B3000C63688 /* Sources */ = {
			isa = PBXSourcesBuildPhase;
			buildActionMask = 2147483647;
			files = (
				432866FA1C228B3000C63688 /* main.c in Sources */,
			);
			runOnlyForDeploymentPostprocessing = 0;
		};
/* End PBXSourcesBuildPhase section */

/* Begin XCBuildConfiguration section */
		432866FB1C228B3000C63688 /* Debug */ = {
			isa = XCBuildConfiguration;
			buildSettings = {
				ALWAYS_SEARCH_USER_PATHS = NO;
				CLANG_CXX_LANGUAGE_STANDARD = "gnu++0x";
				CLANG_CXX_LIBRARY = "libc++";
				CLANG_ENABLE_MODULES = YES;
				CLANG_ENABLE_OBJC_ARC = YES;
				CLANG_WARN_BOOL_CONVERSION = YES;
				CLANG_WARN_CONSTANT_CONVERSION = YES;
				CLANG_WARN_DIRECT_OBJC_ISA_USAGE = YES_ERROR;
				CLANG_WARN_EMPTY_BODY = YES;
				CLANG_WARN_ENUM_CONVERSION = YES;
				CLANG_WARN_INT_CONVERSION = YES;
				CLANG_WARN_OBJC_ROOT_CLASS = YES_ERROR;
				CLANG_WARN_UNREACHABLE_CODE = YES;
				CLANG_WARN__DUPLICATE_METHOD_MATCH = YES;
				CODE_SIGN_IDENTITY = "-";
				COPY_PHASE_STRIP = NO;
				DEBUG_INFORMATION_FORMAT = dwarf;
				ENABLE_STRICT_OBJC_MSGSEND = YES;
				ENABLE_TESTABILITY = YES;
				GCC_C_LANGUAGE_STANDARD = gnu99;
				GCC_DYNAMIC_NO_PIC = NO;
				GCC_NO_COMMON_BLOCKS = YES;
				GCC_OPTIMIZATION_LEVEL = 0;
				GCC_PREPROCESSOR_DEFINITIONS = (
					"DEBUG=1",
					"$(inherited)",
				);
				GCC_WARN_64_TO_32_BIT_CONVERSION = YES;
				GCC_WARN_ABOUT_RETURN_TYPE = YES_ERROR;
				GCC_WARN_UNDECLARED_SELECTOR = YES;
				GCC_WARN_UNINITIALIZED_AUTOS = YES_AGGRESSIVE;
				GCC_WARN_UNUSED_FUNCTION = YES;
				GCC_WARN_UNUSED_VARIABLE = YES;
				MACOSX_DEPLOYMENT_TARGET = 10.11;
				MTL_ENABLE_DEBUG_INFO = YES;
				ONLY_ACTIVE_ARCH = YES;
				SDKROOT = macosx;
			};
			name = Debug;
		};
		432866FC1C228B3000C63688 /* Release */ = {
			isa = XCBuildConfiguration;
			buildSettings = {
				ALWAYS_SEARCH_USER_PATHS = NO;
				CLANG_CXX_LANGUAGE_STANDARD = "gnu++0x";
				CLANG_CXX_LIBRARY = "libc++";
				CLANG_ENABLE_MODULES = YES;
				CLANG_ENABLE_OBJC_ARC = YES;
				CLANG_WARN_BOOL_CONVERSION = YES;
				CLANG_WARN_CONSTANT_CONVERSION = YES;
				CLANG_WARN_DIRECT_OBJC_ISA_USAGE = YES_ERROR;
				CLANG_WARN_EMPTY_BODY = YES;
				CLANG_WARN_ENUM_CONVERSION = YES;
				CLANG_WARN_INT_CONVERSION = YES;
				CLANG_WARN_OBJC_ROOT_CLASS = YES_ERROR;
				CLANG_WARN_UNREACHABLE_CODE = YES;
				CLANG_WARN__DUPLICATE_METHOD_MATCH = YES;
				CODE_SIGN_IDENTITY = "-";
				COPY_PHASE_STRIP = NO;
				DEBUG_INFORMATION_FORMAT = "dwarf-with-dsym";
				ENABLE_NS_ASSERTIONS = NO;
				ENABLE_STRICT_OBJC_MSGSEND = YES;
				GCC_C_LANGUAGE_STANDARD = gnu99;
				GCC_NO_COMMON_BLOCKS = YES;
				GCC_WARN_64_TO_32_BIT_CONVERSION = YES;
				GCC_WARN_ABOUT_RETURN_TYPE = YES_ERROR;
				GCC_WARN_UNDECLARED_SELECTOR = YES;
				GCC_WARN_UNINITIALIZED_AUTOS = YES_AGGRESSIVE;
				GCC_WARN_UNUSED_FUNCTION = YES;
				GCC_WARN_UNUSED_VARIABLE = YES;
				MACOSX_DEPLOYMENT_TARGET = 10.11;
				MTL_ENABLE_DEBUG_INFO = NO;
				SDKROOT = macosx;
			};
			name = Release;
		};
		432866FE1C228B3000C63688 /* Debug */ = {
			isa = XCBuildConfiguration;
			buildSettings = {
				LIBRARY_SEARCH_PATHS = (
					"$(inherited)",
					"$(PROJECT_DIR)/mycat",
				);
				PRODUCT_NAME = "$(TARGET_NAME)";
			};
			name = Debug;
		};
		432866FF1C228B3000C63688 /* Release */ = {
			isa = XCBuildConfiguration;
			buildSettings = {
				LIBRARY_SEARCH_PATHS = (
					"$(inherited)",
					"$(PROJECT_DIR)/mycat",
				);
				PRODUCT_NAME = "$(TARGET_NAME)";
			};
			name = Release;
		};
/* End XCBuildConfiguration section */

/* Begin XCConfigurationList section */
		432866F11C228B3000C63688 /* Build configuration list for PBXProject "mycat" */ = {
			isa = XCConfigurationList;
			buildConfigurations = (
				432866FB1C228B3000C63688 /* Debug */,
				432866FC1C228B3000C63688 /* Release */,
			);
			defaultConfigurationIsVisible = 0;
			defaultConfigurationName = Release;
		};
		432866FD1C228B3000C63688 /* Build configuration list for PBXNativeTarget "mycat" */ = {
			isa = XCConfigurationList;
			buildConfigurations = (
				432866FE1C228B3000C63688 /* Debug */,
				432866FF1C228B3000C63688 /* Release */,
			);
			defaultConfigurationIsVisible = 0;
		};
/* End XCConfigurationList section */
	};
	rootObject = 432866EE1C228B3000C63688 /* Project object */;
}
