// !$*UTF8*$!
{
	archiveVersion = 1;
	classes = {
	};
	objectVersion = 46;
	objects = {

/* Begin PBXBuildFile section */
		43D7F6291CB3F0D500CAEB95 /* main.c in Sources */ = {isa = PBXBuildFile; fileRef = 43D7F6281CB3F0D500CAEB95 /* main.c */; };
		43D7F6311CB3F0ED00CAEB95 /* libapue.a in Frameworks */ = {isa = PBXBuildFile; fileRef = 43D7F62F1CB3F0ED00CAEB95 /* libapue.a */; };
/* End PBXBuildFile section */

/* Begin PBXCopyFilesBuildPhase section */
		43D7F6231CB3F0D500CAEB95 /* CopyFiles */ = {
			isa = PBXCopyFilesBuildPhase;
			buildActionMask = 2147483647;
			dstPath = /usr/share/man/man1/;
			dstSubfolderSpec = 0;
			files = (
			);
			runOnlyForDeploymentPostprocessing = 1;
		};
/* End PBXCopyFilesBuildPhase section */

/* Begin PBXFileReference section */
		43D7F6251CB3F0D500CAEB95 /* zap */ = {isa = PBXFileReference; explicitFileType = "compiled.mach-o.executable"; includeInIndex = 0; path = zap; sourceTree = BUILT_PRODUCTS_DIR; };
		43D7F6281CB3F0D500CAEB95 /* main.c */ = {isa = PBXFileReference; lastKnownFileType = sourcecode.c.c; path = main.c; sourceTree = "<group>"; };
		43D7F62F1CB3F0ED00CAEB95 /* libapue.a */ = {isa = PBXFileReference; lastKnownFileType = archive.ar; path = libapue.a; sourceTree = "<group>"; };
		43D7F6301CB3F0ED00CAEB95 /* apue.h */ = {isa = PBXFileReference; fileEncoding = 4; lastKnownFileType = sourcecode.c.h; path = apue.h; sourceTree = "<group>"; };
/* End PBXFileReference section */

/* Begin PBXFrameworksBuildPhase section */
		43D7F6221CB3F0D500CAEB95 /* Frameworks */ = {
			isa = PBXFrameworksBuildPhase;
			buildActionMask = 2147483647;
			files = (
				43D7F6311CB3F0ED00CAEB95 /* libapue.a in Frameworks */,
			);
			runOnlyForDeploymentPostprocessing = 0;
		};
/* End PBXFrameworksBuildPhase section */

/* Begin PBXGroup section */
		43D7F61C1CB3F0D500CAEB95 = {
			isa = PBXGroup;
			children = (
				43D7F6271CB3F0D500CAEB95 /* zap */,
				43D7F6261CB3F0D500CAEB95 /* Products */,
			);
			sourceTree = "<group>";
		};
		43D7F6261CB3F0D500CAEB95 /* Products */ = {
			isa = PBXGroup;
			children = (
				43D7F6251CB3F0D500CAEB95 /* zap */,
			);
			name = Products;
			sourceTree = "<group>";
		};
		43D7F6271CB3F0D500CAEB95 /* zap */ = {
			isa = PBXGroup;
			children = (
				43D7F62F1CB3F0ED00CAEB95 /* libapue.a */,
				43D7F6301CB3F0ED00CAEB95 /* apue.h */,
				43D7F6281CB3F0D500CAEB95 /* main.c */,
			);
			path = zap;
			sourceTree = "<group>";
		};
/* End PBXGroup section */

/* Begin PBXNativeTarget section */
		43D7F6241CB3F0D500CAEB95 /* zap */ = {
			isa = PBXNativeTarget;
			buildConfigurationList = 43D7F62C1CB3F0D500CAEB95 /* Build configuration list for PBXNativeTarget "zap" */;
			buildPhases = (
				43D7F6211CB3F0D500CAEB95 /* Sources */,
				43D7F6221CB3F0D500CAEB95 /* Frameworks */,
				43D7F6231CB3F0D500CAEB95 /* CopyFiles */,
			);
			buildRules = (
			);
			dependencies = (
			);
			name = zap;
			productName = zap;
			productReference = 43D7F6251CB3F0D500CAEB95 /* zap */;
			productType = "com.apple.product-type.tool";
		};
/* End PBXNativeTarget section */

/* Begin PBXProject section */
		43D7F61D1CB3F0D500CAEB95 /* Project object */ = {
			isa = PBXProject;
			attributes = {
				LastUpgradeCheck = 0730;
				ORGANIZATIONNAME = wangnate;
				TargetAttributes = {
					43D7F6241CB3F0D500CAEB95 = {
						CreatedOnToolsVersion = 7.3;
					};
				};
			};
			buildConfigurationList = 43D7F6201CB3F0D500CAEB95 /* Build configuration list for PBXProject "zap" */;
			compatibilityVersion = "Xcode 3.2";
			developmentRegion = English;
			hasScannedForEncodings = 0;
			knownRegions = (
				en,
			);
			mainGroup = 43D7F61C1CB3F0D500CAEB95;
			productRefGroup = 43D7F6261CB3F0D500CAEB95 /* Products */;
			projectDirPath = "";
			projectRoot = "";
			targets = (
				43D7F6241CB3F0D500CAEB95 /* zap */,
			);
		};
/* End PBXProject section */

/* Begin PBXSourcesBuildPhase section */
		43D7F6211CB3F0D500CAEB95 /* Sources */ = {
			isa = PBXSourcesBuildPhase;
			buildActionMask = 2147483647;
			files = (
				43D7F6291CB3F0D500CAEB95 /* main.c in Sources */,
			);
			runOnlyForDeploymentPostprocessing = 0;
		};
/* End PBXSourcesBuildPhase section */

/* Begin XCBuildConfiguration section */
		43D7F62A1CB3F0D500CAEB95 /* Debug */ = {
			isa = XCBuildConfiguration;
			buildSettings = {
				ALWAYS_SEARCH_USER_PATHS = NO;
				CLANG_ANALYZER_NONNULL = YES;
				CLANG_CXX_LANGUAGE_STANDARD = "gnu++0x";
				CLANG_CXX_LIBRARY = "libc++";
				CLANG_ENABLE_MODULES = YES;
				CLANG_ENABLE_OBJC_ARC = YES;
				CLANG_WARN_BOOL_CONVERSION = YES;
				CLANG_WARN_CONSTANT_CONVERSION = YES;
				CLANG_WARN_DIRECT_OBJC_ISA_USAGE = YES_ERROR;
				CLANG_WARN_EMPTY_BODY = YES;
				CLANG_WARN_ENUM_CONVERSION = YES;
				CLANG_WARN_INT_CONVERSION = YES;
				CLANG_WARN_OBJC_ROOT_CLASS = YES_ERROR;
				CLANG_WARN_UNREACHABLE_CODE = YES;
				CLANG_WARN__DUPLICATE_METHOD_MATCH = YES;
				CODE_SIGN_IDENTITY = "-";
				COPY_PHASE_STRIP = NO;
				DEBUG_INFORMATION_FORMAT = dwarf;
				ENABLE_STRICT_OBJC_MSGSEND = YES;
				ENABLE_TESTABILITY = YES;
				GCC_C_LANGUAGE_STANDARD = gnu99;
				GCC_DYNAMIC_NO_PIC = NO;
				GCC_NO_COMMON_BLOCKS = YES;
				GCC_OPTIMIZATION_LEVEL = 0;
				GCC_PREPROCESSOR_DEFINITIONS = (
					"DEBUG=1",
					"$(inherited)",
				);
				GCC_WARN_64_TO_32_BIT_CONVERSION = YES;
				GCC_WARN_ABOUT_RETURN_TYPE = YES_ERROR;
				GCC_WARN_UNDECLARED_SELECTOR = YES;
				GCC_WARN_UNINITIALIZED_AUTOS = YES_AGGRESSIVE;
				GCC_WARN_UNUSED_FUNCTION = YES;
				GCC_WARN_UNUSED_VARIABLE = YES;
				MACOSX_DEPLOYMENT_TARGET = 10.11;
				MTL_ENABLE_DEBUG_INFO = YES;
				ONLY_ACTIVE_ARCH = YES;
				SDKROOT = macosx;
			};
			name = Debug;
		};
		43D7F62B1CB3F0D500CAEB95 /* Release */ = {
			isa = XCBuildConfiguration;
			buildSettings = {
				ALWAYS_SEARCH_USER_PATHS = NO;
				CLANG_ANALYZER_NONNULL = YES;
				CLANG_CXX_LANGUAGE_STANDARD = "gnu++0x";
				CLANG_CXX_LIBRARY = "libc++";
				CLANG_ENABLE_MODULES = YES;
				CLANG_ENABLE_OBJC_ARC = YES;
				CLANG_WARN_BOOL_CONVERSION = YES;
				CLANG_WARN_CONSTANT_CONVERSION = YES;
				CLANG_WARN_DIRECT_OBJC_ISA_USAGE = YES_ERROR;
				CLANG_WARN_EMPTY_BODY = YES;
				CLANG_WARN_ENUM_CONVERSION = YES;
				CLANG_WARN_INT_CONVERSION = YES;
				CLANG_WARN_OBJC_ROOT_CLASS = YES_ERROR;
				CLANG_WARN_UNREACHABLE_CODE = YES;
				CLANG_WARN__DUPLICATE_METHOD_MATCH = YES;
				CODE_SIGN_IDENTITY = "-";
				COPY_PHASE_STRIP = NO;
				DEBUG_INFORMATION_FORMAT = "dwarf-with-dsym";
				ENABLE_NS_ASSERTIONS = NO;
				ENABLE_STRICT_OBJC_MSGSEND = YES;
				GCC_C_LANGUAGE_STANDARD = gnu99;
				GCC_NO_COMMON_BLOCKS = YES;
				GCC_WARN_64_TO_32_BIT_CONVERSION = YES;
				GCC_WARN_ABOUT_RETURN_TYPE = YES_ERROR;
				GCC_WARN_UNDECLARED_SELECTOR = YES;
				GCC_WARN_UNINITIALIZED_AUTOS = YES_AGGRESSIVE;
				GCC_WARN_UNUSED_FUNCTION = YES;
				GCC_WARN_UNUSED_VARIABLE = YES;
				MACOSX_DEPLOYMENT_TARGET = 10.11;
				MTL_ENABLE_DEBUG_INFO = NO;
				SDKROOT = macosx;
			};
			name = Release;
		};
		43D7F62D1CB3F0D500CAEB95 /* Debug */ = {
			isa = XCBuildConfiguration;
			buildSettings = {
				LIBRARY_SEARCH_PATHS = (
					"$(inherited)",
					"$(PROJECT_DIR)/zap",
				);
				PRODUCT_NAME = "$(TARGET_NAME)";
			};
			name = Debug;
		};
		43D7F62E1CB3F0D500CAEB95 /* Release */ = {
			isa = XCBuildConfiguration;
			buildSettings = {
				LIBRARY_SEARCH_PATHS = (
					"$(inherited)",
					"$(PROJECT_DIR)/zap",
				);
				PRODUCT_NAME = "$(TARGET_NAME)";
			};
			name = Release;
		};
/* End XCBuildConfiguration section */

/* Begin XCConfigurationList section */
		43D7F6201CB3F0D500CAEB95 /* Build configuration list for PBXProject "zap" */ = {
			isa = XCConfigurationList;
			buildConfigurations = (
				43D7F62A1CB3F0D500CAEB95 /* Debug */,
				43D7F62B1CB3F0D500CAEB95 /* Release */,
			);
			defaultConfigurationIsVisible = 0;
			defaultConfigurationName = Release;
		};
		43D7F62C1CB3F0D500CAEB95 /* Build configuration list for PBXNativeTarget "zap" */ = {
			isa = XCConfigurationList;
			buildConfigurations = (
				43D7F62D1CB3F0D500CAEB95 /* Debug */,
				43D7F62E1CB3F0D500CAEB95 /* Release */,
			);
			defaultConfigurationIsVisible = 0;
		};
/* End XCConfigurationList section */
	};
	rootObject = 43D7F61D1CB3F0D500CAEB95 /* Project object */;
}
